
Microsoft Visual Studio Solution File, Format Version 12.00
# Visual Studio 2012
Project("{FAE04EC0-301F-11D3-BF4B-00C04F79EFBC}") = "8_iOS", "8_iOS\8_iOS.csproj", "{BF1245CB-351E-464C-BCB8-8919C6735F08}"
EndProject
Global
	GlobalSection(SolutionConfigurationPlatforms) = preSolution
		Debug|iPhoneSimulator = Debug|iPhoneSimulator
		Release|iPhone = Release|iPhone
		Release|iPhoneSimulator = Release|iPhoneSimulator
		Debug|iPhone = Debug|iPhone
	EndGlobalSection
	GlobalSection(ProjectConfigurationPlatforms) = postSolution
		{BF1245CB-351E-464C-BCB8-8919C6735F08}.Debug|iPhone.ActiveCfg = Debug|iPhone
		{BF1245CB-351E-464C-BCB8-8919C6735F08}.Debug|iPhone.Build.0 = Debug|iPhone
		{BF1245CB-351E-464C-BCB8-8919C6735F08}.Debug|iPhoneSimulator.ActiveCfg = Debug|iPhoneSimulator
		{BF1245CB-351E-464C-BCB8-8919C6735F08}.Debug|iPhoneSimulator.Build.0 = Debug|iPhoneSimulator
		{BF1245CB-351E-464C-BCB8-8919C6735F08}.Release|iPhone.ActiveCfg = Release|iPhone
		{BF1245CB-351E-464C-BCB8-8919C6735F08}.Release|iPhone.Build.0 = Release|iPhone
		{BF1245CB-351E-464C-BCB8-8919C6735F08}.Release|iPhoneSimulator.ActiveCfg = Release|iPhoneSimulator
		{BF1245CB-351E-464C-BCB8-8919C6735F08}.Release|iPhoneSimulator.Build.0 = Release|iPhoneSimulator
	EndGlobalSection
EndGlobal
